<Solution>
  <Folder Name="/Solution Items/">
    <File Path=".gitignore" />
    <File Path="README.md" />
  </Folder>
  <Project Path="../FacturationTnApp_ConsolePlus (Back_End)/FacturationTnApp.csproj" />
  <Project Path="../FacturationTnApp_WinFormsStarter (Front_End)/FacturationTnAppWinForms.csproj" />
</Solution>
